
Microsoft Visual Studio Solution File, Format Version 12.00
# Visual Studio Version 17
VisualStudioVersion = 17.9.34607.119
MinimumVisualStudioVersion = 10.0.40219.1
Project("{FAE04EC0-301F-11D3-BF4B-00C04F79EFBC}") = "Tema13", "Tema13\Tema13.csproj", "{88D5F28B-8C69-48C0-8669-77AB633E3722}"
EndProject
Project("{FAE04EC0-301F-11D3-BF4B-00C04F79EFBC}") = "Tema13Tests", "Tema13Tests\Tema13Tests.csproj", "{94623C8C-A368-4120-8E2D-AC7D7709369C}"
EndProject
Global
	GlobalSection(SolutionConfigurationPlatforms) = preSolution
		Debug|Any CPU = Debug|Any CPU
		Release|Any CPU = Release|Any CPU
	EndGlobalSection
	GlobalSection(ProjectConfigurationPlatforms) = postSolution
		{88D5F28B-8C69-48C0-8669-77AB633E3722}.Debug|Any CPU.ActiveCfg = Debug|Any CPU
		{88D5F28B-8C69-48C0-8669-77AB633E3722}.Debug|Any CPU.Build.0 = Debug|Any CPU
		{88D5F28B-8C69-48C0-8669-77AB633E3722}.Release|Any CPU.ActiveCfg = Release|Any CPU
		{88D5F28B-8C69-48C0-8669-77AB633E3722}.Release|Any CPU.Build.0 = Release|Any CPU
		{94623C8C-A368-4120-8E2D-AC7D7709369C}.Debug|Any CPU.ActiveCfg = Debug|Any CPU
		{94623C8C-A368-4120-8E2D-AC7D7709369C}.Debug|Any CPU.Build.0 = Debug|Any CPU
		{94623C8C-A368-4120-8E2D-AC7D7709369C}.Release|Any CPU.ActiveCfg = Release|Any CPU
		{94623C8C-A368-4120-8E2D-AC7D7709369C}.Release|Any CPU.Build.0 = Release|Any CPU
	EndGlobalSection
	GlobalSection(SolutionProperties) = preSolution
		HideSolutionNode = FALSE
	EndGlobalSection
	GlobalSection(ExtensibilityGlobals) = postSolution
		SolutionGuid = {F3C1122F-E56F-41AD-A148-E863587191AF}
	EndGlobalSection
EndGlobal
